// !$*UTF8*$!
{
	archiveVersion = 1;
	classes = {
	};
	objectVersion = 50;
	objects = {

/* Begin PBXBuildFile section */
		A605CE5920AE81B0001A0DF0 /* TextureTransformViewController.m in Sources */ = {isa = PBXBuildFile; fileRef = A605CE5720AE81B0001A0DF0 /* TextureTransformViewController.m */; };
		A605CE5A20AE81B0001A0DF0 /* TextureTransformViewController.xib in Resources */ = {isa = PBXBuildFile; fileRef = A605CE5820AE81B0001A0DF0 /* TextureTransformViewController.xib */; };
		A605CE5D20AE832A001A0DF0 /* AGLKTextureTransformBaseEffect.m in Sources */ = {isa = PBXBuildFile; fileRef = A605CE5C20AE832A001A0DF0 /* AGLKTextureTransformBaseEffect.m */; };
		A605CE6620AEA540001A0DF0 /* AGLKPointParticleShader.fsh in Resources */ = {isa = PBXBuildFile; fileRef = A605CE6020AEA540001A0DF0 /* AGLKPointParticleShader.fsh */; };
		A605CE6720AEA540001A0DF0 /* AGLKTextureMatrix2PointLightShader.vsh in Resources */ = {isa = PBXBuildFile; fileRef = A605CE6120AEA540001A0DF0 /* AGLKTextureMatrix2PointLightShader.vsh */; };
		A605CE6820AEA540001A0DF0 /* AGLKSkyboxShader.fsh in Resources */ = {isa = PBXBuildFile; fileRef = A605CE6220AEA540001A0DF0 /* AGLKSkyboxShader.fsh */; };
		A605CE6920AEA540001A0DF0 /* AGLKPointParticleShader.vsh in Resources */ = {isa = PBXBuildFile; fileRef = A605CE6320AEA540001A0DF0 /* AGLKPointParticleShader.vsh */; };
		A605CE6A20AEA540001A0DF0 /* AGLKTextureMatrix2PointLightShader.fsh in Resources */ = {isa = PBXBuildFile; fileRef = A605CE6420AEA540001A0DF0 /* AGLKTextureMatrix2PointLightShader.fsh */; };
		A605CE6B20AEA540001A0DF0 /* AGLKSkyboxShader.vsh in Resources */ = {isa = PBXBuildFile; fileRef = A605CE6520AEA540001A0DF0 /* AGLKSkyboxShader.vsh */; };
		A613A32620EB461E006CCD0C /* SimpleMotionAnimationGLKViewController.m in Sources */ = {isa = PBXBuildFile; fileRef = A613A32420EB461E006CCD0C /* SimpleMotionAnimationGLKViewController.m */; };
		A613A32720EB461E006CCD0C /* SimpleMotionAnimationGLKViewController.xib in Resources */ = {isa = PBXBuildFile; fileRef = A613A32520EB461E006CCD0C /* SimpleMotionAnimationGLKViewController.xib */; };
		A613A32A20EB4B44006CCD0C /* SceneCar.m in Sources */ = {isa = PBXBuildFile; fileRef = A613A32820EB4B44006CCD0C /* SceneCar.m */; };
		A613A32D20EB4B93006CCD0C /* SceneModel.m in Sources */ = {isa = PBXBuildFile; fileRef = A613A32C20EB4B93006CCD0C /* SceneModel.m */; };
		A613A33020EB4BA4006CCD0C /* SceneMesh.m in Sources */ = {isa = PBXBuildFile; fileRef = A613A32F20EB4BA4006CCD0C /* SceneMesh.m */; };
		A613A33320EB596D006CCD0C /* SceneCarModel.m in Sources */ = {isa = PBXBuildFile; fileRef = A613A33120EB596D006CCD0C /* SceneCarModel.m */; };
		A613A33620EB5982006CCD0C /* SceneRinkModel.m in Sources */ = {isa = PBXBuildFile; fileRef = A613A33520EB5982006CCD0C /* SceneRinkModel.m */; };
		A61416DC20AD24D300EADA0D /* BasicTransformViewController.m in Sources */ = {isa = PBXBuildFile; fileRef = A61416DA20AD24D300EADA0D /* BasicTransformViewController.m */; };
		A61416DD20AD24D300EADA0D /* BasicTransformViewController.xib in Resources */ = {isa = PBXBuildFile; fileRef = A61416DB20AD24D300EADA0D /* BasicTransformViewController.xib */; };
		A617312920F3630700C42C7E /* SkeletalAnimationViewController.m in Sources */ = {isa = PBXBuildFile; fileRef = A617312720F3630700C42C7E /* SkeletalAnimationViewController.m */; };
		A617312A20F3630700C42C7E /* SkeletalAnimationViewController.xib in Resources */ = {isa = PBXBuildFile; fileRef = A617312820F3630700C42C7E /* SkeletalAnimationViewController.xib */; };
		A622068220EDB13000201D76 /* AnimatedVertexFlagViewController.m in Sources */ = {isa = PBXBuildFile; fileRef = A622068020EDB13000201D76 /* AnimatedVertexFlagViewController.m */; };
		A622068320EDB13000201D76 /* AnimatedVertexFlagViewController.xib in Resources */ = {isa = PBXBuildFile; fileRef = A622068120EDB13000201D76 /* AnimatedVertexFlagViewController.xib */; };
		A622068920EDB78500201D76 /* SceneAnimatedMesh.m in Sources */ = {isa = PBXBuildFile; fileRef = A622068720EDB78400201D76 /* SceneAnimatedMesh.m */; };
		A62C310020ABD2C50050C7A6 /* Earth512x256.jpg in Resources */ = {isa = PBXBuildFile; fileRef = A62C30FF20ABD2C50050C7A6 /* Earth512x256.jpg */; };
		A641E83320F4436C00668862 /* UtilityModel+skinning.m in Sources */ = {isa = PBXBuildFile; fileRef = A641E83220F4436C00668862 /* UtilityModel+skinning.m */; };
		A641E83620F4438400668862 /* UtilityModelManager+skinning.m in Sources */ = {isa = PBXBuildFile; fileRef = A641E83520F4438400668862 /* UtilityModelManager+skinning.m */; };
		A641E83920F443A600668862 /* UtilityMesh+skinning.m in Sources */ = {isa = PBXBuildFile; fileRef = A641E83820F443A600668862 /* UtilityMesh+skinning.m */; };
		A641E83C20F443B400668862 /* UtilityJoint.m in Sources */ = {isa = PBXBuildFile; fileRef = A641E83B20F443B400668862 /* UtilityJoint.m */; };
		A641E83F20F443CC00668862 /* UtilityArmatureBaseEffect.m in Sources */ = {isa = PBXBuildFile; fileRef = A641E83E20F443CC00668862 /* UtilityArmatureBaseEffect.m */; };
		A641E84120F446FC00668862 /* armature.modelplist in Resources */ = {isa = PBXBuildFile; fileRef = A641E84020F446FC00668862 /* armature.modelplist */; };
		A641E84320F447BF00668862 /* UtilityArmaturePointLightShader.vsh in Resources */ = {isa = PBXBuildFile; fileRef = A641E84220F447BF00668862 /* UtilityArmaturePointLightShader.vsh */; };
		A641E84520F4483200668862 /* UtilityArmaturePointLightShader.fsh in Resources */ = {isa = PBXBuildFile; fileRef = A641E84420F4483200668862 /* UtilityArmaturePointLightShader.fsh */; };
		A644903720EF5A3300844A72 /* AnimateTextureAtlasViewController.m in Sources */ = {isa = PBXBuildFile; fileRef = A644903620EF5A3300844A72 /* AnimateTextureAtlasViewController.m */; };
		A644903920EF688700844A72 /* RabbitTextureAtlas.png in Resources */ = {isa = PBXBuildFile; fileRef = A644903820EF688700844A72 /* RabbitTextureAtlas.png */; };
		A650A6CB20EE01C300A89880 /* AnimateLightViewController.m in Sources */ = {isa = PBXBuildFile; fileRef = A650A6CA20EE01C300A89880 /* AnimateLightViewController.m */; };
		A650A6CE20EE038700A89880 /* SceneCanLightModel.m in Sources */ = {isa = PBXBuildFile; fileRef = A650A6CD20EE038700A89880 /* SceneCanLightModel.m */; };
		A65B311E20E9F3AB0090AD55 /* PerspectiveTransformViewController.m in Sources */ = {isa = PBXBuildFile; fileRef = A65B311C20E9F3AB0090AD55 /* PerspectiveTransformViewController.m */; };
		A65B311F20E9F3AB0090AD55 /* PerspectiveTransformViewController.xib in Resources */ = {isa = PBXBuildFile; fileRef = A65B311D20E9F3AB0090AD55 /* PerspectiveTransformViewController.xib */; };
		A668224A20AADE6A00BE07CE /* EarthSphereViewController.m in Sources */ = {isa = PBXBuildFile; fileRef = A668224820AADE6A00BE07CE /* EarthSphereViewController.m */; };
		A668224B20AADE6A00BE07CE /* EarthSphereViewController.xib in Resources */ = {isa = PBXBuildFile; fileRef = A668224920AADE6A00BE07CE /* EarthSphereViewController.xib */; };
		A681D8E720F337FA00CA40C0 /* LodeModelFromModelPlistViewController.m in Sources */ = {isa = PBXBuildFile; fileRef = A681D8E620F337FA00CA40C0 /* LodeModelFromModelPlistViewController.m */; };
		A681D8F720F3397F00CA40C0 /* UtilityModelManager.m in Sources */ = {isa = PBXBuildFile; fileRef = A681D8EA20F3397E00CA40C0 /* UtilityModelManager.m */; };
		A681D8F820F3397F00CA40C0 /* UtilityMesh.m in Sources */ = {isa = PBXBuildFile; fileRef = A681D8EB20F3397E00CA40C0 /* UtilityMesh.m */; };
		A681D8F920F3397F00CA40C0 /* UtilityTextureInfo+viewAdditions.m in Sources */ = {isa = PBXBuildFile; fileRef = A681D8F020F3397E00CA40C0 /* UtilityTextureInfo+viewAdditions.m */; };
		A681D8FA20F3397F00CA40C0 /* UtilityTextureInfo.m in Sources */ = {isa = PBXBuildFile; fileRef = A681D8F220F3397F00CA40C0 /* UtilityTextureInfo.m */; };
		A681D8FB20F3397F00CA40C0 /* UtilityModel+viewAdditions.m in Sources */ = {isa = PBXBuildFile; fileRef = A681D8F320F3397F00CA40C0 /* UtilityModel+viewAdditions.m */; };
		A681D8FC20F3397F00CA40C0 /* UtilityMesh+viewAdditions.m in Sources */ = {isa = PBXBuildFile; fileRef = A681D8F520F3397F00CA40C0 /* UtilityMesh+viewAdditions.m */; };
		A681D8FD20F3397F00CA40C0 /* UtilityModel.m in Sources */ = {isa = PBXBuildFile; fileRef = A681D8F620F3397F00CA40C0 /* UtilityModel.m */; };
		A681D90020F339D400CA40C0 /* UtilityModelEffect.m in Sources */ = {isa = PBXBuildFile; fileRef = A681D8FF20F339D400CA40C0 /* UtilityModelEffect.m */; };
		A681D90320F33A0800CA40C0 /* UtilityEffect.m in Sources */ = {isa = PBXBuildFile; fileRef = A681D90120F33A0700CA40C0 /* UtilityEffect.m */; };
		A681D90720F3483200CA40C0 /* UtilitySceneCar.m in Sources */ = {isa = PBXBuildFile; fileRef = A681D90620F3483200CA40C0 /* UtilitySceneCar.m */; };
		A681D90A20F34F2B00CA40C0 /* bumper.modelplist in Resources */ = {isa = PBXBuildFile; fileRef = A681D90920F34F2B00CA40C0 /* bumper.modelplist */; };
		A69AB42E20EF3CED00E13F8C /* AnimateTextureViewController.m in Sources */ = {isa = PBXBuildFile; fileRef = A69AB42D20EF3CED00E13F8C /* AnimateTextureViewController.m */; };
		A69AB43020EF430900E13F8C /* RadiusSelectionTool.png in Resources */ = {isa = PBXBuildFile; fileRef = A69AB42F20EF430900E13F8C /* RadiusSelectionTool.png */; };
		A6B2ED1120EB085800A21D14 /* Moon256x128.png in Resources */ = {isa = PBXBuildFile; fileRef = A6B2ED1020EB085800A21D14 /* Moon256x128.png */; };
		A6B425CF2085DE1000CC0035 /* AppDelegate.m in Sources */ = {isa = PBXBuildFile; fileRef = A6B425CE2085DE1000CC0035 /* AppDelegate.m */; };
		A6B425D22085DE1000CC0035 /* ViewController.m in Sources */ = {isa = PBXBuildFile; fileRef = A6B425D12085DE1000CC0035 /* ViewController.m */; };
		A6B425D52085DE1000CC0035 /* Main.storyboard in Resources */ = {isa = PBXBuildFile; fileRef = A6B425D32085DE1000CC0035 /* Main.storyboard */; };
		A6B425D72085DE1100CC0035 /* Assets.xcassets in Resources */ = {isa = PBXBuildFile; fileRef = A6B425D62085DE1100CC0035 /* Assets.xcassets */; };
		A6B425DA2085DE1100CC0035 /* LaunchScreen.storyboard in Resources */ = {isa = PBXBuildFile; fileRef = A6B425D82085DE1100CC0035 /* LaunchScreen.storyboard */; };
		A6B425DD2085DE1100CC0035 /* main.m in Sources */ = {isa = PBXBuildFile; fileRef = A6B425DC2085DE1100CC0035 /* main.m */; };
		A6B425E72085DE1100CC0035 /* OpegGLDemoTests.m in Sources */ = {isa = PBXBuildFile; fileRef = A6B425E62085DE1100CC0035 /* OpegGLDemoTests.m */; };
		A6B425F22085DE1100CC0035 /* OpegGLDemoUITests.m in Sources */ = {isa = PBXBuildFile; fileRef = A6B425F12085DE1100CC0035 /* OpegGLDemoUITests.m */; };
		A6B426032087230C00CC0035 /* SimpleTriangleViewController.m in Sources */ = {isa = PBXBuildFile; fileRef = A6B426022087230C00CC0035 /* SimpleTriangleViewController.m */; };
		A6B426062087302300CC0035 /* OpenGLES.framework in Frameworks */ = {isa = PBXBuildFile; fileRef = A6B426052087302300CC0035 /* OpenGLES.framework */; };
		A6B4260B2088342400CC0035 /* AGLKViewViewController.m in Sources */ = {isa = PBXBuildFile; fileRef = A6B4260A2088342400CC0035 /* AGLKViewViewController.m */; };
		A6B4260E2088343B00CC0035 /* AGLKView.m in Sources */ = {isa = PBXBuildFile; fileRef = A6B4260D2088343B00CC0035 /* AGLKView.m */; };
		A6B42614208870C500CC0035 /* AEAGLContext.m in Sources */ = {isa = PBXBuildFile; fileRef = A6B42613208870C500CC0035 /* AEAGLContext.m */; };
		A6B42617208875AD00CC0035 /* AGLKVertexAttribArrayBuffer.m in Sources */ = {isa = PBXBuildFile; fileRef = A6B42616208875AD00CC0035 /* AGLKVertexAttribArrayBuffer.m */; };
		A6B4261B2088930C00CC0035 /* SimpleTextureViewController.m in Sources */ = {isa = PBXBuildFile; fileRef = A6B4261A2088930C00CC0035 /* SimpleTextureViewController.m */; };
		A6B4261E2089C96E00CC0035 /* AGLKTextureInfo.m in Sources */ = {isa = PBXBuildFile; fileRef = A6B4261D2089C96E00CC0035 /* AGLKTextureInfo.m */; };
		A6B426212089CA9D00CC0035 /* AGLKTextureLoader.m in Sources */ = {isa = PBXBuildFile; fileRef = A6B426202089CA9D00CC0035 /* AGLKTextureLoader.m */; };
		A6B42624208DB0CC00CC0035 /* GLKEffectPropertyTexture+AGLKAdditions.m in Sources */ = {isa = PBXBuildFile; fileRef = A6B42623208DB0CC00CC0035 /* GLKEffectPropertyTexture+AGLKAdditions.m */; };
		A6B42629208DC36B00CC0035 /* MultipleTexturesViewController.m in Sources */ = {isa = PBXBuildFile; fileRef = A6B42627208DC36B00CC0035 /* MultipleTexturesViewController.m */; };
		A6B4262E208EDBE300CC0035 /* MixedFragmentViewController.m in Sources */ = {isa = PBXBuildFile; fileRef = A6B4262D208EDBE300CC0035 /* MixedFragmentViewController.m */; };
		A6B42632208F0BA000CC0035 /* CustomTexturesViewController.m in Sources */ = {isa = PBXBuildFile; fileRef = A6B42631208F0BA000CC0035 /* CustomTexturesViewController.m */; };
		A6B42635208F1D9B00CC0035 /* Shader.fsh in Resources */ = {isa = PBXBuildFile; fileRef = A6B42633208F1D9B00CC0035 /* Shader.fsh */; };
		A6B42636208F1D9B00CC0035 /* Shader.vsh in Resources */ = {isa = PBXBuildFile; fileRef = A6B42634208F1D9B00CC0035 /* Shader.vsh */; };
		A6C6C1F120F45E58001468AB /* SkinModelViewController.m in Sources */ = {isa = PBXBuildFile; fileRef = A6C6C1F020F45E58001468AB /* SkinModelViewController.m */; };
		A6C6C1F320F462D5001468AB /* armatureSkin.modelplist in Resources */ = {isa = PBXBuildFile; fileRef = A6C6C1F220F462D5001468AB /* armatureSkin.modelplist */; };
		A6FBE4CE20A52DFD00083C31 /* SimpleLightViewController.m in Sources */ = {isa = PBXBuildFile; fileRef = A6FBE4CC20A52DFD00083C31 /* SimpleLightViewController.m */; };
		A6FBE4CF20A52DFD00083C31 /* SimpleLightViewController.xib in Resources */ = {isa = PBXBuildFile; fileRef = A6FBE4CD20A52DFD00083C31 /* SimpleLightViewController.xib */; };
/* End PBXBuildFile section */

/* Begin PBXContainerItemProxy section */
		A6B425E32085DE1100CC0035 /* PBXContainerItemProxy */ = {
			isa = PBXContainerItemProxy;
			containerPortal = A6B425C22085DE1000CC0035 /* Project object */;
			proxyType = 1;
			remoteGlobalIDString = A6B425C92085DE1000CC0035;
			remoteInfo = OpegGLDemo;
		};
		A6B425EE2085DE1100CC0035 /* PBXContainerItemProxy */ = {
			isa = PBXContainerItemProxy;
			containerPortal = A6B425C22085DE1000CC0035 /* Project object */;
			proxyType = 1;
			remoteGlobalIDString = A6B425C92085DE1000CC0035;
			remoteInfo = OpegGLDemo;
		};
/* End PBXContainerItemProxy section */

/* Begin PBXFileReference section */
		A605CE5620AE81B0001A0DF0 /* TextureTransformViewController.h */ = {isa = PBXFileReference; lastKnownFileType = sourcecode.c.h; path = TextureTransformViewController.h; sourceTree = "<group>"; };
		A605CE5720AE81B0001A0DF0 /* TextureTransformViewController.m */ = {isa = PBXFileReference; lastKnownFileType = sourcecode.c.objc; path = TextureTransformViewController.m; sourceTree = "<group>"; };
		A605CE5820AE81B0001A0DF0 /* TextureTransformViewController.xib */ = {isa = PBXFileReference; lastKnownFileType = file.xib; path = TextureTransformViewController.xib; sourceTree = "<group>"; };
		A605CE5B20AE832A001A0DF0 /* AGLKTextureTransformBaseEffect.h */ = {isa = PBXFileReference; lastKnownFileType = sourcecode.c.h; path = AGLKTextureTransformBaseEffect.h; sourceTree = "<group>"; };
		A605CE5C20AE832A001A0DF0 /* AGLKTextureTransformBaseEffect.m */ = {isa = PBXFileReference; lastKnownFileType = sourcecode.c.objc; path = AGLKTextureTransformBaseEffect.m; sourceTree = "<group>"; };
		A605CE6020AEA540001A0DF0 /* AGLKPointParticleShader.fsh */ = {isa = PBXFileReference; fileEncoding = 4; lastKnownFileType = sourcecode.glsl; path = AGLKPointParticleShader.fsh; sourceTree = "<group>"; };
		A605CE6120AEA540001A0DF0 /* AGLKTextureMatrix2PointLightShader.vsh */ = {isa = PBXFileReference; fileEncoding = 4; lastKnownFileType = sourcecode.glsl; path = AGLKTextureMatrix2PointLightShader.vsh; sourceTree = "<group>"; };
		A605CE6220AEA540001A0DF0 /* AGLKSkyboxShader.fsh */ = {isa = PBXFileReference; fileEncoding = 4; lastKnownFileType = sourcecode.glsl; path = AGLKSkyboxShader.fsh; sourceTree = "<group>"; };
		A605CE6320AEA540001A0DF0 /* AGLKPointParticleShader.vsh */ = {isa = PBXFileReference; fileEncoding = 4; lastKnownFileType = sourcecode.glsl; path = AGLKPointParticleShader.vsh; sourceTree = "<group>"; };
		A605CE6420AEA540001A0DF0 /* AGLKTextureMatrix2PointLightShader.fsh */ = {isa = PBXFileReference; fileEncoding = 4; lastKnownFileType = sourcecode.glsl; path = AGLKTextureMatrix2PointLightShader.fsh; sourceTree = "<group>"; };
		A605CE6520AEA540001A0DF0 /* AGLKSkyboxShader.vsh */ = {isa = PBXFileReference; fileEncoding = 4; lastKnownFileType = sourcecode.glsl; path = AGLKSkyboxShader.vsh; sourceTree = "<group>"; };
		A613A32320EB461E006CCD0C /* SimpleMotionAnimationGLKViewController.h */ = {isa = PBXFileReference; lastKnownFileType = sourcecode.c.h; path = SimpleMotionAnimationGLKViewController.h; sourceTree = "<group>"; };
		A613A32420EB461E006CCD0C /* SimpleMotionAnimationGLKViewController.m */ = {isa = PBXFileReference; lastKnownFileType = sourcecode.c.objc; path = SimpleMotionAnimationGLKViewController.m; sourceTree = "<group>"; };
		A613A32520EB461E006CCD0C /* SimpleMotionAnimationGLKViewController.xib */ = {isa = PBXFileReference; lastKnownFileType = file.xib; path = SimpleMotionAnimationGLKViewController.xib; sourceTree = "<group>"; };
		A613A32820EB4B44006CCD0C /* SceneCar.m */ = {isa = PBXFileReference; fileEncoding = 4; lastKnownFileType = sourcecode.c.objc; path = SceneCar.m; sourceTree = "<group>"; };
		A613A32920EB4B44006CCD0C /* SceneCar.h */ = {isa = PBXFileReference; fileEncoding = 4; lastKnownFileType = sourcecode.c.h; path = SceneCar.h; sourceTree = "<group>"; };
		A613A32B20EB4B93006CCD0C /* SceneModel.h */ = {isa = PBXFileReference; fileEncoding = 4; lastKnownFileType = sourcecode.c.h; path = SceneModel.h; sourceTree = "<group>"; };
		A613A32C20EB4B93006CCD0C /* SceneModel.m */ = {isa = PBXFileReference; fileEncoding = 4; lastKnownFileType = sourcecode.c.objc; path = SceneModel.m; sourceTree = "<group>"; };
		A613A32E20EB4BA4006CCD0C /* SceneMesh.h */ = {isa = PBXFileReference; fileEncoding = 4; lastKnownFileType = sourcecode.c.h; path = SceneMesh.h; sourceTree = "<group>"; };
		A613A32F20EB4BA4006CCD0C /* SceneMesh.m */ = {isa = PBXFileReference; fileEncoding = 4; lastKnownFileType = sourcecode.c.objc; path = SceneMesh.m; sourceTree = "<group>"; };
		A613A33120EB596D006CCD0C /* SceneCarModel.m */ = {isa = PBXFileReference; fileEncoding = 4; lastKnownFileType = sourcecode.c.objc; path = SceneCarModel.m; sourceTree = "<group>"; };
		A613A33220EB596D006CCD0C /* SceneCarModel.h */ = {isa = PBXFileReference; fileEncoding = 4; lastKnownFileType = sourcecode.c.h; path = SceneCarModel.h; sourceTree = "<group>"; };
		A613A33420EB597D006CCD0C /* SceneRinkModel.h */ = {isa = PBXFileReference; fileEncoding = 4; lastKnownFileType = sourcecode.c.h; path = SceneRinkModel.h; sourceTree = "<group>"; };
		A613A33520EB5982006CCD0C /* SceneRinkModel.m */ = {isa = PBXFileReference; fileEncoding = 4; lastKnownFileType = sourcecode.c.objc; path = SceneRinkModel.m; sourceTree = "<group>"; };
		A613A33720EB59B2006CCD0C /* bumperCar.h */ = {isa = PBXFileReference; fileEncoding = 4; lastKnownFileType = sourcecode.c.h; path = bumperCar.h; sourceTree = "<group>"; };
		A613A33820EB59C1006CCD0C /* bumperRink.h */ = {isa = PBXFileReference; fileEncoding = 4; lastKnownFileType = sourcecode.c.h; path = bumperRink.h; sourceTree = "<group>"; };
		A61416D920AD24D300EADA0D /* BasicTransformViewController.h */ = {isa = PBXFileReference; lastKnownFileType = sourcecode.c.h; path = BasicTransformViewController.h; sourceTree = "<group>"; };
		A61416DA20AD24D300EADA0D /* BasicTransformViewController.m */ = {isa = PBXFileReference; lastKnownFileType = sourcecode.c.objc; path = BasicTransformViewController.m; sourceTree = "<group>"; };
		A61416DB20AD24D300EADA0D /* BasicTransformViewController.xib */ = {isa = PBXFileReference; lastKnownFileType = file.xib; path = BasicTransformViewController.xib; sourceTree = "<group>"; };
		A61416DE20AD657300EADA0D /* lowPolyAxesAndModels2.h */ = {isa = PBXFileReference; fileEncoding = 4; lastKnownFileType = sourcecode.c.h; path = lowPolyAxesAndModels2.h; sourceTree = "<group>"; };
		A617312620F3630700C42C7E /* SkeletalAnimationViewController.h */ = {isa = PBXFileReference; lastKnownFileType = sourcecode.c.h; path = SkeletalAnimationViewController.h; sourceTree = "<group>"; };
		A617312720F3630700C42C7E /* SkeletalAnimationViewController.m */ = {isa = PBXFileReference; lastKnownFileType = sourcecode.c.objc; path = SkeletalAnimationViewController.m; sourceTree = "<group>"; };
		A617312820F3630700C42C7E /* SkeletalAnimationViewController.xib */ = {isa = PBXFileReference; lastKnownFileType = file.xib; path = SkeletalAnimationViewController.xib; sourceTree = "<group>"; };
		A622067F20EDB13000201D76 /* AnimatedVertexFlagViewController.h */ = {isa = PBXFileReference; lastKnownFileType = sourcecode.c.h; path = AnimatedVertexFlagViewController.h; sourceTree = "<group>"; };
		A622068020EDB13000201D76 /* AnimatedVertexFlagViewController.m */ = {isa = PBXFileReference; lastKnownFileType = sourcecode.c.objc; path = AnimatedVertexFlagViewController.m; sourceTree = "<group>"; };
		A622068120EDB13000201D76 /* AnimatedVertexFlagViewController.xib */ = {isa = PBXFileReference; lastKnownFileType = file.xib; path = AnimatedVertexFlagViewController.xib; sourceTree = "<group>"; };
		A622068720EDB78400201D76 /* SceneAnimatedMesh.m */ = {isa = PBXFileReference; fileEncoding = 4; lastKnownFileType = sourcecode.c.objc; path = SceneAnimatedMesh.m; sourceTree = "<group>"; };
		A622068820EDB78400201D76 /* SceneAnimatedMesh.h */ = {isa = PBXFileReference; fileEncoding = 4; lastKnownFileType = sourcecode.c.h; path = SceneAnimatedMesh.h; sourceTree = "<group>"; };
		A62C30FF20ABD2C50050C7A6 /* Earth512x256.jpg */ = {isa = PBXFileReference; lastKnownFileType = image.jpeg; path = Earth512x256.jpg; sourceTree = "<group>"; };
		A641E83120F4436C00668862 /* UtilityModel+skinning.h */ = {isa = PBXFileReference; fileEncoding = 4; lastKnownFileType = sourcecode.c.h; path = "UtilityModel+skinning.h"; sourceTree = "<group>"; };
		A641E83220F4436C00668862 /* UtilityModel+skinning.m */ = {isa = PBXFileReference; fileEncoding = 4; lastKnownFileType = sourcecode.c.objc; path = "UtilityModel+skinning.m"; sourceTree = "<group>"; };
		A641E83420F4438300668862 /* UtilityModelManager+skinning.h */ = {isa = PBXFileReference; fileEncoding = 4; lastKnownFileType = sourcecode.c.h; path = "UtilityModelManager+skinning.h"; sourceTree = "<group>"; };
		A641E83520F4438400668862 /* UtilityModelManager+skinning.m */ = {isa = PBXFileReference; fileEncoding = 4; lastKnownFileType = sourcecode.c.objc; path = "UtilityModelManager+skinning.m"; sourceTree = "<group>"; };
		A641E83720F443A600668862 /* UtilityMesh+skinning.h */ = {isa = PBXFileReference; fileEncoding = 4; lastKnownFileType = sourcecode.c.h; path = "UtilityMesh+skinning.h"; sourceTree = "<group>"; };
		A641E83820F443A600668862 /* UtilityMesh+skinning.m */ = {isa = PBXFileReference; fileEncoding = 4; lastKnownFileType = sourcecode.c.objc; path = "UtilityMesh+skinning.m"; sourceTree = "<group>"; };
		A641E83A20F443B300668862 /* UtilityJoint.h */ = {isa = PBXFileReference; fileEncoding = 4; lastKnownFileType = sourcecode.c.h; path = UtilityJoint.h; sourceTree = "<group>"; };
		A641E83B20F443B400668862 /* UtilityJoint.m */ = {isa = PBXFileReference; fileEncoding = 4; lastKnownFileType = sourcecode.c.objc; path = UtilityJoint.m; sourceTree = "<group>"; };
		A641E83D20F443CC00668862 /* UtilityArmatureBaseEffect.h */ = {isa = PBXFileReference; fileEncoding = 4; lastKnownFileType = sourcecode.c.h; path = UtilityArmatureBaseEffect.h; sourceTree = "<group>"; };
		A641E83E20F443CC00668862 /* UtilityArmatureBaseEffect.m */ = {isa = PBXFileReference; fileEncoding = 4; lastKnownFileType = sourcecode.c.objc; path = UtilityArmatureBaseEffect.m; sourceTree = "<group>"; };
		A641E84020F446FC00668862 /* armature.modelplist */ = {isa = PBXFileReference; lastKnownFileType = file.bplist; path = armature.modelplist; sourceTree = "<group>"; };
		A641E84220F447BF00668862 /* UtilityArmaturePointLightShader.vsh */ = {isa = PBXFileReference; fileEncoding = 4; lastKnownFileType = sourcecode.glsl; path = UtilityArmaturePointLightShader.vsh; sourceTree = "<group>"; };
		A641E84420F4483200668862 /* UtilityArmaturePointLightShader.fsh */ = {isa = PBXFileReference; fileEncoding = 4; lastKnownFileType = sourcecode.glsl; path = UtilityArmaturePointLightShader.fsh; sourceTree = "<group>"; };
		A644903520EF5A3300844A72 /* AnimateTextureAtlasViewController.h */ = {isa = PBXFileReference; lastKnownFileType = sourcecode.c.h; path = AnimateTextureAtlasViewController.h; sourceTree = "<group>"; };
		A644903620EF5A3300844A72 /* AnimateTextureAtlasViewController.m */ = {isa = PBXFileReference; lastKnownFileType = sourcecode.c.objc; path = AnimateTextureAtlasViewController.m; sourceTree = "<group>"; };
		A644903820EF688700844A72 /* RabbitTextureAtlas.png */ = {isa = PBXFileReference; lastKnownFileType = image.png; path = RabbitTextureAtlas.png; sourceTree = "<group>"; };
		A650A6C920EE01C300A89880 /* AnimateLightViewController.h */ = {isa = PBXFileReference; lastKnownFileType = sourcecode.c.h; path = AnimateLightViewController.h; sourceTree = "<group>"; };
		A650A6CA20EE01C300A89880 /* AnimateLightViewController.m */ = {isa = PBXFileReference; lastKnownFileType = sourcecode.c.objc; path = AnimateLightViewController.m; sourceTree = "<group>"; };
		A650A6CC20EE037E00A89880 /* SceneCanLightModel.h */ = {isa = PBXFileReference; fileEncoding = 4; lastKnownFileType = sourcecode.c.h; path = SceneCanLightModel.h; sourceTree = "<group>"; };
		A650A6CD20EE038700A89880 /* SceneCanLightModel.m */ = {isa = PBXFileReference; fileEncoding = 4; lastKnownFileType = sourcecode.c.objc; path = SceneCanLightModel.m; sourceTree = "<group>"; };
		A650A6CF20EE03B100A89880 /* canLight.h */ = {isa = PBXFileReference; fileEncoding = 4; lastKnownFileType = sourcecode.c.h; path = canLight.h; sourceTree = "<group>"; };
		A65B311B20E9F3AB0090AD55 /* PerspectiveTransformViewController.h */ = {isa = PBXFileReference; lastKnownFileType = sourcecode.c.h; path = PerspectiveTransformViewController.h; sourceTree = "<group>"; };
		A65B311C20E9F3AB0090AD55 /* PerspectiveTransformViewController.m */ = {isa = PBXFileReference; lastKnownFileType = sourcecode.c.objc; path = PerspectiveTransformViewController.m; sourceTree = "<group>"; };
		A65B311D20E9F3AB0090AD55 /* PerspectiveTransformViewController.xib */ = {isa = PBXFileReference; lastKnownFileType = file.xib; path = PerspectiveTransformViewController.xib; sourceTree = "<group>"; };
		A65B312020E9FCCB0090AD55 /* PerspectiveTransformSphere.h */ = {isa = PBXFileReference; fileEncoding = 4; lastKnownFileType = sourcecode.c.h; path = PerspectiveTransformSphere.h; sourceTree = "<group>"; };
		A65B312120E9FE720090AD55 /* EarthSphere.h */ = {isa = PBXFileReference; fileEncoding = 4; lastKnownFileType = sourcecode.c.h; path = EarthSphere.h; sourceTree = "<group>"; };
		A668224720AADE6A00BE07CE /* EarthSphereViewController.h */ = {isa = PBXFileReference; lastKnownFileType = sourcecode.c.h; path = EarthSphereViewController.h; sourceTree = "<group>"; };
		A668224820AADE6A00BE07CE /* EarthSphereViewController.m */ = {isa = PBXFileReference; lastKnownFileType = sourcecode.c.objc; path = EarthSphereViewController.m; sourceTree = "<group>"; };
		A668224920AADE6A00BE07CE /* EarthSphereViewController.xib */ = {isa = PBXFileReference; lastKnownFileType = file.xib; path = EarthSphereViewController.xib; sourceTree = "<group>"; };
		A681D8E520F337FA00CA40C0 /* LodeModelFromModelPlistViewController.h */ = {isa = PBXFileReference; lastKnownFileType = sourcecode.c.h; path = LodeModelFromModelPlistViewController.h; sourceTree = "<group>"; };
		A681D8E620F337FA00CA40C0 /* LodeModelFromModelPlistViewController.m */ = {isa = PBXFileReference; lastKnownFileType = sourcecode.c.objc; path = LodeModelFromModelPlistViewController.m; sourceTree = "<group>"; };
		A681D8E920F3397E00CA40C0 /* UtilityModelManager.h */ = {isa = PBXFileReference; fileEncoding = 4; lastKnownFileType = sourcecode.c.h; path = UtilityModelManager.h; sourceTree = "<group>"; };
		A681D8EA20F3397E00CA40C0 /* UtilityModelManager.m */ = {isa = PBXFileReference; fileEncoding = 4; lastKnownFileType = sourcecode.c.objc; path = UtilityModelManager.m; sourceTree = "<group>"; };
		A681D8EB20F3397E00CA40C0 /* UtilityMesh.m */ = {isa = PBXFileReference; fileEncoding = 4; lastKnownFileType = sourcecode.c.objc; path = UtilityMesh.m; sourceTree = "<group>"; };
		A681D8EC20F3397E00CA40C0 /* UtilityTextureInfo.h */ = {isa = PBXFileReference; fileEncoding = 4; lastKnownFileType = sourcecode.c.h; path = UtilityTextureInfo.h; sourceTree = "<group>"; };
		A681D8ED20F3397E00CA40C0 /* UtilityMesh+viewAdditions.h */ = {isa = PBXFileReference; fileEncoding = 4; lastKnownFileType = sourcecode.c.h; path = "UtilityMesh+viewAdditions.h"; sourceTree = "<group>"; };
		A681D8EE20F3397E00CA40C0 /* UtilityModel+viewAdditions.h */ = {isa = PBXFileReference; fileEncoding = 4; lastKnownFileType = sourcecode.c.h; path = "UtilityModel+viewAdditions.h"; sourceTree = "<group>"; };
		A681D8EF20F3397E00CA40C0 /* UtilityTextureInfo+viewAdditions.h */ = {isa = PBXFileReference; fileEncoding = 4; lastKnownFileType = sourcecode.c.h; path = "UtilityTextureInfo+viewAdditions.h"; sourceTree = "<group>"; };
		A681D8F020F3397E00CA40C0 /* UtilityTextureInfo+viewAdditions.m */ = {isa = PBXFileReference; fileEncoding = 4; lastKnownFileType = sourcecode.c.objc; path = "UtilityTextureInfo+viewAdditions.m"; sourceTree = "<group>"; };
		A681D8F120F3397F00CA40C0 /* UtilityModel.h */ = {isa = PBXFileReference; fileEncoding = 4; lastKnownFileType = sourcecode.c.h; path = UtilityModel.h; sourceTree = "<group>"; };
		A681D8F220F3397F00CA40C0 /* UtilityTextureInfo.m */ = {isa = PBXFileReference; fileEncoding = 4; lastKnownFileType = sourcecode.c.objc; path = UtilityTextureInfo.m; sourceTree = "<group>"; };
		A681D8F320F3397F00CA40C0 /* UtilityModel+viewAdditions.m */ = {isa = PBXFileReference; fileEncoding = 4; lastKnownFileType = sourcecode.c.objc; path = "UtilityModel+viewAdditions.m"; sourceTree = "<group>"; };
		A681D8F420F3397F00CA40C0 /* UtilityMesh.h */ = {isa = PBXFileReference; fileEncoding = 4; lastKnownFileType = sourcecode.c.h; path = UtilityMesh.h; sourceTree = "<group>"; };
		A681D8F520F3397F00CA40C0 /* UtilityMesh+viewAdditions.m */ = {isa = PBXFileReference; fileEncoding = 4; lastKnownFileType = sourcecode.c.objc; path = "UtilityMesh+viewAdditions.m"; sourceTree = "<group>"; };
		A681D8F620F3397F00CA40C0 /* UtilityModel.m */ = {isa = PBXFileReference; fileEncoding = 4; lastKnownFileType = sourcecode.c.objc; path = UtilityModel.m; sourceTree = "<group>"; };
		A681D8FE20F339D400CA40C0 /* UtilityModelEffect.h */ = {isa = PBXFileReference; fileEncoding = 4; lastKnownFileType = sourcecode.c.h; path = UtilityModelEffect.h; sourceTree = "<group>"; };
		A681D8FF20F339D400CA40C0 /* UtilityModelEffect.m */ = {isa = PBXFileReference; fileEncoding = 4; lastKnownFileType = sourcecode.c.objc; path = UtilityModelEffect.m; sourceTree = "<group>"; };
		A681D90120F33A0700CA40C0 /* UtilityEffect.m */ = {isa = PBXFileReference; fileEncoding = 4; lastKnownFileType = sourcecode.c.objc; path = UtilityEffect.m; sourceTree = "<group>"; };
		A681D90220F33A0800CA40C0 /* UtilityEffect.h */ = {isa = PBXFileReference; fileEncoding = 4; lastKnownFileType = sourcecode.c.h; path = UtilityEffect.h; sourceTree = "<group>"; };
		A681D90420F33A2100CA40C0 /* AGLKAxisAllignedBoundingBox.h */ = {isa = PBXFileReference; fileEncoding = 4; lastKnownFileType = sourcecode.c.h; path = AGLKAxisAllignedBoundingBox.h; sourceTree = "<group>"; };
		A681D90520F3483200CA40C0 /* UtilitySceneCar.h */ = {isa = PBXFileReference; lastKnownFileType = sourcecode.c.h; path = UtilitySceneCar.h; sourceTree = "<group>"; };
		A681D90620F3483200CA40C0 /* UtilitySceneCar.m */ = {isa = PBXFileReference; lastKnownFileType = sourcecode.c.objc; path = UtilitySceneCar.m; sourceTree = "<group>"; };
		A681D90920F34F2B00CA40C0 /* bumper.modelplist */ = {isa = PBXFileReference; lastKnownFileType = file.bplist; path = bumper.modelplist; sourceTree = "<group>"; };
		A69AB42C20EF3CED00E13F8C /* AnimateTextureViewController.h */ = {isa = PBXFileReference; lastKnownFileType = sourcecode.c.h; path = AnimateTextureViewController.h; sourceTree = "<group>"; };
		A69AB42D20EF3CED00E13F8C /* AnimateTextureViewController.m */ = {isa = PBXFileReference; lastKnownFileType = sourcecode.c.objc; path = AnimateTextureViewController.m; sourceTree = "<group>"; };
		A69AB42F20EF430900E13F8C /* RadiusSelectionTool.png */ = {isa = PBXFileReference; lastKnownFileType = image.png; path = RadiusSelectionTool.png; sourceTree = "<group>"; };
		A6B2ED1020EB085800A21D14 /* Moon256x128.png */ = {isa = PBXFileReference; lastKnownFileType = image.png; path = Moon256x128.png; sourceTree = "<group>"; };
		A6B425CA2085DE1000CC0035 /* OpegGLDemo.app */ = {isa = PBXFileReference; explicitFileType = wrapper.application; includeInIndex = 0; path = OpegGLDemo.app; sourceTree = BUILT_PRODUCTS_DIR; };
		A6B425CD2085DE1000CC0035 /* AppDelegate.h */ = {isa = PBXFileReference; lastKnownFileType = sourcecode.c.h; path = AppDelegate.h; sourceTree = "<group>"; };
		A6B425CE2085DE1000CC0035 /* AppDelegate.m */ = {isa = PBXFileReference; lastKnownFileType = sourcecode.c.objc; path = AppDelegate.m; sourceTree = "<group>"; };
		A6B425D02085DE1000CC0035 /* ViewController.h */ = {isa = PBXFileReference; lastKnownFileType = sourcecode.c.h; path = ViewController.h; sourceTree = "<group>"; };
		A6B425D12085DE1000CC0035 /* ViewController.m */ = {isa = PBXFileReference; lastKnownFileType = sourcecode.c.objc; path = ViewController.m; sourceTree = "<group>"; };
		A6B425D42085DE1000CC0035 /* Base */ = {isa = PBXFileReference; lastKnownFileType = file.storyboard; name = Base; path = Base.lproj/Main.storyboard; sourceTree = "<group>"; };
		A6B425D62085DE1100CC0035 /* Assets.xcassets */ = {isa = PBXFileReference; lastKnownFileType = folder.assetcatalog; path = Assets.xcassets; sourceTree = "<group>"; };
		A6B425D92085DE1100CC0035 /* Base */ = {isa = PBXFileReference; lastKnownFileType = file.storyboard; name = Base; path = Base.lproj/LaunchScreen.storyboard; sourceTree = "<group>"; };
		A6B425DB2085DE1100CC0035 /* Info.plist */ = {isa = PBXFileReference; lastKnownFileType = text.plist.xml; path = Info.plist; sourceTree = "<group>"; };
		A6B425DC2085DE1100CC0035 /* main.m */ = {isa = PBXFileReference; lastKnownFileType = sourcecode.c.objc; path = main.m; sourceTree = "<group>"; };
		A6B425E22085DE1100CC0035 /* OpegGLDemoTests.xctest */ = {isa = PBXFileReference; explicitFileType = wrapper.cfbundle; includeInIndex = 0; path = OpegGLDemoTests.xctest; sourceTree = BUILT_PRODUCTS_DIR; };
		A6B425E62085DE1100CC0035 /* OpegGLDemoTests.m */ = {isa = PBXFileReference; lastKnownFileType = sourcecode.c.objc; path = OpegGLDemoTests.m; sourceTree = "<group>"; };
		A6B425E82085DE1100CC0035 /* Info.plist */ = {isa = PBXFileReference; lastKnownFileType = text.plist.xml; path = Info.plist; sourceTree = "<group>"; };
		A6B425ED2085DE1100CC0035 /* OpegGLDemoUITests.xctest */ = {isa = PBXFileReference; explicitFileType = wrapper.cfbundle; includeInIndex = 0; path = OpegGLDemoUITests.xctest; sourceTree = BUILT_PRODUCTS_DIR; };
		A6B425F12085DE1100CC0035 /* OpegGLDemoUITests.m */ = {isa = PBXFileReference; lastKnownFileType = sourcecode.c.objc; path = OpegGLDemoUITests.m; sourceTree = "<group>"; };
		A6B425F32085DE1100CC0035 /* Info.plist */ = {isa = PBXFileReference; lastKnownFileType = text.plist.xml; path = Info.plist; sourceTree = "<group>"; };
		A6B426012087230C00CC0035 /* SimpleTriangleViewController.h */ = {isa = PBXFileReference; lastKnownFileType = sourcecode.c.h; path = SimpleTriangleViewController.h; sourceTree = "<group>"; };
		A6B426022087230C00CC0035 /* SimpleTriangleViewController.m */ = {isa = PBXFileReference; lastKnownFileType = sourcecode.c.objc; path = SimpleTriangleViewController.m; sourceTree = "<group>"; };
		A6B426052087302300CC0035 /* OpenGLES.framework */ = {isa = PBXFileReference; lastKnownFileType = wrapper.framework; name = OpenGLES.framework; path = System/Library/Frameworks/OpenGLES.framework; sourceTree = SDKROOT; };
		A6B426092088342400CC0035 /* AGLKViewViewController.h */ = {isa = PBXFileReference; lastKnownFileType = sourcecode.c.h; path = AGLKViewViewController.h; sourceTree = "<group>"; };
		A6B4260A2088342400CC0035 /* AGLKViewViewController.m */ = {isa = PBXFileReference; lastKnownFileType = sourcecode.c.objc; path = AGLKViewViewController.m; sourceTree = "<group>"; };
		A6B4260C2088343B00CC0035 /* AGLKView.h */ = {isa = PBXFileReference; lastKnownFileType = sourcecode.c.h; path = AGLKView.h; sourceTree = "<group>"; };
		A6B4260D2088343B00CC0035 /* AGLKView.m */ = {isa = PBXFileReference; lastKnownFileType = sourcecode.c.objc; path = AGLKView.m; sourceTree = "<group>"; };
		A6B42612208870C500CC0035 /* AEAGLContext.h */ = {isa = PBXFileReference; lastKnownFileType = sourcecode.c.h; path = AEAGLContext.h; sourceTree = "<group>"; };
		A6B42613208870C500CC0035 /* AEAGLContext.m */ = {isa = PBXFileReference; lastKnownFileType = sourcecode.c.objc; path = AEAGLContext.m; sourceTree = "<group>"; };
		A6B42615208875AD00CC0035 /* AGLKVertexAttribArrayBuffer.h */ = {isa = PBXFileReference; lastKnownFileType = sourcecode.c.h; path = AGLKVertexAttribArrayBuffer.h; sourceTree = "<group>"; };
		A6B42616208875AD00CC0035 /* AGLKVertexAttribArrayBuffer.m */ = {isa = PBXFileReference; lastKnownFileType = sourcecode.c.objc; path = AGLKVertexAttribArrayBuffer.m; sourceTree = "<group>"; };
		A6B426192088930C00CC0035 /* SimpleTextureViewController.h */ = {isa = PBXFileReference; lastKnownFileType = sourcecode.c.h; path = SimpleTextureViewController.h; sourceTree = "<group>"; };
		A6B4261A2088930C00CC0035 /* SimpleTextureViewController.m */ = {isa = PBXFileReference; lastKnownFileType = sourcecode.c.objc; path = SimpleTextureViewController.m; sourceTree = "<group>"; };
		A6B4261C2089C96E00CC0035 /* AGLKTextureInfo.h */ = {isa = PBXFileReference; lastKnownFileType = sourcecode.c.h; path = AGLKTextureInfo.h; sourceTree = "<group>"; };
		A6B4261D2089C96E00CC0035 /* AGLKTextureInfo.m */ = {isa = PBXFileReference; lastKnownFileType = sourcecode.c.objc; path = AGLKTextureInfo.m; sourceTree = "<group>"; };
		A6B4261F2089CA9D00CC0035 /* AGLKTextureLoader.h */ = {isa = PBXFileReference; lastKnownFileType = sourcecode.c.h; path = AGLKTextureLoader.h; sourceTree = "<group>"; };
		A6B426202089CA9D00CC0035 /* AGLKTextureLoader.m */ = {isa = PBXFileReference; lastKnownFileType = sourcecode.c.objc; path = AGLKTextureLoader.m; sourceTree = "<group>"; };
		A6B42622208DB0CC00CC0035 /* GLKEffectPropertyTexture+AGLKAdditions.h */ = {isa = PBXFileReference; lastKnownFileType = sourcecode.c.h; path = "GLKEffectPropertyTexture+AGLKAdditions.h"; sourceTree = "<group>"; };
		A6B42623208DB0CC00CC0035 /* GLKEffectPropertyTexture+AGLKAdditions.m */ = {isa = PBXFileReference; lastKnownFileType = sourcecode.c.objc; path = "GLKEffectPropertyTexture+AGLKAdditions.m"; sourceTree = "<group>"; };
		A6B42626208DC36B00CC0035 /* MultipleTexturesViewController.h */ = {isa = PBXFileReference; lastKnownFileType = sourcecode.c.h; path = MultipleTexturesViewController.h; sourceTree = "<group>"; };
		A6B42627208DC36B00CC0035 /* MultipleTexturesViewController.m */ = {isa = PBXFileReference; lastKnownFileType = sourcecode.c.objc; path = MultipleTexturesViewController.m; sourceTree = "<group>"; };
		A6B4262C208EDBE300CC0035 /* MixedFragmentViewController.h */ = {isa = PBXFileReference; lastKnownFileType = sourcecode.c.h; path = MixedFragmentViewController.h; sourceTree = "<group>"; };
		A6B4262D208EDBE300CC0035 /* MixedFragmentViewController.m */ = {isa = PBXFileReference; lastKnownFileType = sourcecode.c.objc; path = MixedFragmentViewController.m; sourceTree = "<group>"; };
		A6B42630208F0BA000CC0035 /* CustomTexturesViewController.h */ = {isa = PBXFileReference; lastKnownFileType = sourcecode.c.h; path = CustomTexturesViewController.h; sourceTree = "<group>"; };
		A6B42631208F0BA000CC0035 /* CustomTexturesViewController.m */ = {isa = PBXFileReference; lastKnownFileType = sourcecode.c.objc; path = CustomTexturesViewController.m; sourceTree = "<group>"; };
		A6B42633208F1D9B00CC0035 /* Shader.fsh */ = {isa = PBXFileReference; fileEncoding = 4; lastKnownFileType = sourcecode.glsl; path = Shader.fsh; sourceTree = "<group>"; };
		A6B42634208F1D9B00CC0035 /* Shader.vsh */ = {isa = PBXFileReference; fileEncoding = 4; lastKnownFileType = sourcecode.glsl; path = Shader.vsh; sourceTree = "<group>"; };
		A6C6C1EF20F45E58001468AB /* SkinModelViewController.h */ = {isa = PBXFileReference; lastKnownFileType = sourcecode.c.h; path = SkinModelViewController.h; sourceTree = "<group>"; };
		A6C6C1F020F45E58001468AB /* SkinModelViewController.m */ = {isa = PBXFileReference; lastKnownFileType = sourcecode.c.objc; path = SkinModelViewController.m; sourceTree = "<group>"; };
		A6C6C1F220F462D5001468AB /* armatureSkin.modelplist */ = {isa = PBXFileReference; lastKnownFileType = file.bplist; path = armatureSkin.modelplist; sourceTree = "<group>"; };
		A6FBE4CB20A52DFD00083C31 /* SimpleLightViewController.h */ = {isa = PBXFileReference; lastKnownFileType = sourcecode.c.h; path = SimpleLightViewController.h; sourceTree = "<group>"; };
		A6FBE4CC20A52DFD00083C31 /* SimpleLightViewController.m */ = {isa = PBXFileReference; lastKnownFileType = sourcecode.c.objc; path = SimpleLightViewController.m; sourceTree = "<group>"; };
		A6FBE4CD20A52DFD00083C31 /* SimpleLightViewController.xib */ = {isa = PBXFileReference; lastKnownFileType = file.xib; path = SimpleLightViewController.xib; sourceTree = "<group>"; };
/* End PBXFileReference section */

/* Begin PBXFrameworksBuildPhase section */
		A6B425C72085DE1000CC0035 /* Frameworks */ = {
			isa = PBXFrameworksBuildPhase;
			buildActionMask = 2147483647;
			files = (
				A6B426062087302300CC0035 /* OpenGLES.framework in Frameworks */,
			);
			runOnlyForDeploymentPostprocessing = 0;
		};
		A6B425DF2085DE1100CC0035 /* Frameworks */ = {
			isa = PBXFrameworksBuildPhase;
			buildActionMask = 2147483647;
			files = (
			);
			runOnlyForDeploymentPostprocessing = 0;
		};
		A6B425EA2085DE1100CC0035 /* Frameworks */ = {
			isa = PBXFrameworksBuildPhase;
			buildActionMask = 2147483647;
			files = (
			);
			runOnlyForDeploymentPostprocessing = 0;
		};
/* End PBXFrameworksBuildPhase section */

/* Begin PBXGroup section */
		A605CE5520AE8185001A0DF0 /* TextureTransform */ = {
			isa = PBXGroup;
			children = (
				A605CE5620AE81B0001A0DF0 /* TextureTransformViewController.h */,
				A605CE5720AE81B0001A0DF0 /* TextureTransformViewController.m */,
				A605CE5820AE81B0001A0DF0 /* TextureTransformViewController.xib */,
			);
			path = TextureTransform;
			sourceTree = "<group>";
		};
		A605CE5E20AEA517001A0DF0 /* Resource */ = {
			isa = PBXGroup;
			children = (
				A605CE5F20AEA540001A0DF0 /* Shaders */,
			);
			path = Resource;
			sourceTree = "<group>";
		};
		A605CE5F20AEA540001A0DF0 /* Shaders */ = {
			isa = PBXGroup;
			children = (
				A605CE6020AEA540001A0DF0 /* AGLKPointParticleShader.fsh */,
				A605CE6120AEA540001A0DF0 /* AGLKTextureMatrix2PointLightShader.vsh */,
				A605CE6220AEA540001A0DF0 /* AGLKSkyboxShader.fsh */,
				A605CE6320AEA540001A0DF0 /* AGLKPointParticleShader.vsh */,
				A605CE6420AEA540001A0DF0 /* AGLKTextureMatrix2PointLightShader.fsh */,
				A605CE6520AEA540001A0DF0 /* AGLKSkyboxShader.vsh */,
				A641E84220F447BF00668862 /* UtilityArmaturePointLightShader.vsh */,
				A641E84420F4483200668862 /* UtilityArmaturePointLightShader.fsh */,
			);
			path = Shaders;
			sourceTree = "<group>";
		};
		A613A32220EB45FC006CCD0C /* SimpleMotionAnimation */ = {
			isa = PBXGroup;
			children = (
				A613A33720EB59B2006CCD0C /* bumperCar.h */,
				A613A33820EB59C1006CCD0C /* bumperRink.h */,
				A613A33420EB597D006CCD0C /* SceneRinkModel.h */,
				A613A33520EB5982006CCD0C /* SceneRinkModel.m */,
				A613A33220EB596D006CCD0C /* SceneCarModel.h */,
				A613A33120EB596D006CCD0C /* SceneCarModel.m */,
				A613A32E20EB4BA4006CCD0C /* SceneMesh.h */,
				A613A32F20EB4BA4006CCD0C /* SceneMesh.m */,
				A613A32B20EB4B93006CCD0C /* SceneModel.h */,
				A613A32C20EB4B93006CCD0C /* SceneModel.m */,
				A613A32920EB4B44006CCD0C /* SceneCar.h */,
				A613A32820EB4B44006CCD0C /* SceneCar.m */,
				A613A32320EB461E006CCD0C /* SimpleMotionAnimationGLKViewController.h */,
				A613A32420EB461E006CCD0C /* SimpleMotionAnimationGLKViewController.m */,
				A613A32520EB461E006CCD0C /* SimpleMotionAnimationGLKViewController.xib */,
			);
			path = SimpleMotionAnimation;
			sourceTree = "<group>";
		};
		A61416D820AD24B800EADA0D /* BasicTransform */ = {
			isa = PBXGroup;
			children = (
				A61416DE20AD657300EADA0D /* lowPolyAxesAndModels2.h */,
				A61416D920AD24D300EADA0D /* BasicTransformViewController.h */,
				A61416DA20AD24D300EADA0D /* BasicTransformViewController.m */,
				A61416DB20AD24D300EADA0D /* BasicTransformViewController.xib */,
			);
			path = BasicTransform;
			sourceTree = "<group>";
		};
		A617312220F3623F00C42C7E /* SkeletalAnimation */ = {
			isa = PBXGroup;
			children = (
				A641E84020F446FC00668862 /* armature.modelplist */,
				A617312620F3630700C42C7E /* SkeletalAnimationViewController.h */,
				A617312720F3630700C42C7E /* SkeletalAnimationViewController.m */,
				A617312820F3630700C42C7E /* SkeletalAnimationViewController.xib */,
			);
			path = SkeletalAnimation;
			sourceTree = "<group>";
		};
		A622067E20EDB12300201D76 /* AnimatedVertexFlag */ = {
			isa = PBXGroup;
			children = (
				A622068820EDB78400201D76 /* SceneAnimatedMesh.h */,
				A622068720EDB78400201D76 /* SceneAnimatedMesh.m */,
				A622067F20EDB13000201D76 /* AnimatedVertexFlagViewController.h */,
				A622068020EDB13000201D76 /* AnimatedVertexFlagViewController.m */,
				A622068120EDB13000201D76 /* AnimatedVertexFlagViewController.xib */,
			);
			path = AnimatedVertexFlag;
			sourceTree = "<group>";
		};
		A644903420EF5A2000844A72 /* AnimateTextureAtlas */ = {
			isa = PBXGroup;
			children = (
				A644903820EF688700844A72 /* RabbitTextureAtlas.png */,
				A644903520EF5A3300844A72 /* AnimateTextureAtlasViewController.h */,
				A644903620EF5A3300844A72 /* AnimateTextureAtlasViewController.m */,
			);
			path = AnimateTextureAtlas;
			sourceTree = "<group>";
		};
		A650A6C820EE00F700A89880 /* AnimateLight */ = {
			isa = PBXGroup;
			children = (
				A650A6CF20EE03B100A89880 /* canLight.h */,
				A650A6CC20EE037E00A89880 /* SceneCanLightModel.h */,
				A650A6CD20EE038700A89880 /* SceneCanLightModel.m */,
				A650A6C920EE01C300A89880 /* AnimateLightViewController.h */,
				A650A6CA20EE01C300A89880 /* AnimateLightViewController.m */,
			);
			path = AnimateLight;
			sourceTree = "<group>";
		};
		A65B311A20E9F38D0090AD55 /* PerspectiveTransform */ = {
			isa = PBXGroup;
			children = (
				A6B2ED1020EB085800A21D14 /* Moon256x128.png */,
				A65B312020E9FCCB0090AD55 /* PerspectiveTransformSphere.h */,
				A65B311B20E9F3AB0090AD55 /* PerspectiveTransformViewController.h */,
				A65B311C20E9F3AB0090AD55 /* PerspectiveTransformViewController.m */,
				A65B311D20E9F3AB0090AD55 /* PerspectiveTransformViewController.xib */,
			);
			path = PerspectiveTransform;
			sourceTree = "<group>";
		};
		A668224620AADE5500BE07CE /* EarthSphere */ = {
			isa = PBXGroup;
			children = (
				A65B312120E9FE720090AD55 /* EarthSphere.h */,
				A62C30FF20ABD2C50050C7A6 /* Earth512x256.jpg */,
				A668224720AADE6A00BE07CE /* EarthSphereViewController.h */,
				A668224820AADE6A00BE07CE /* EarthSphereViewController.m */,
				A668224920AADE6A00BE07CE /* EarthSphereViewController.xib */,
			);
			path = EarthSphere;
			sourceTree = "<group>";
		};
		A681D8E420F337F000CA40C0 /* LodeModelFromModelPlist */ = {
			isa = PBXGroup;
			children = (
				A681D90920F34F2B00CA40C0 /* bumper.modelplist */,
				A681D8E520F337FA00CA40C0 /* LodeModelFromModelPlistViewController.h */,
				A681D8E620F337FA00CA40C0 /* LodeModelFromModelPlistViewController.m */,
				A681D90520F3483200CA40C0 /* UtilitySceneCar.h */,
				A681D90620F3483200CA40C0 /* UtilitySceneCar.m */,
			);
			path = LodeModelFromModelPlist;
			sourceTree = "<group>";
		};
		A681D8E820F3396C00CA40C0 /* Utility */ = {
			isa = PBXGroup;
			children = (
				A641E83D20F443CC00668862 /* UtilityArmatureBaseEffect.h */,
				A641E83E20F443CC00668862 /* UtilityArmatureBaseEffect.m */,
				A641E83A20F443B300668862 /* UtilityJoint.h */,
				A641E83B20F443B400668862 /* UtilityJoint.m */,
				A641E83720F443A600668862 /* UtilityMesh+skinning.h */,
				A641E83820F443A600668862 /* UtilityMesh+skinning.m */,
				A641E83420F4438300668862 /* UtilityModelManager+skinning.h */,
				A641E83520F4438400668862 /* UtilityModelManager+skinning.m */,
				A641E83120F4436C00668862 /* UtilityModel+skinning.h */,
				A641E83220F4436C00668862 /* UtilityModel+skinning.m */,
				A681D90220F33A0800CA40C0 /* UtilityEffect.h */,
				A681D90120F33A0700CA40C0 /* UtilityEffect.m */,
				A681D8FE20F339D400CA40C0 /* UtilityModelEffect.h */,
				A681D8FF20F339D400CA40C0 /* UtilityModelEffect.m */,
				A681D8F420F3397F00CA40C0 /* UtilityMesh.h */,
				A681D8EB20F3397E00CA40C0 /* UtilityMesh.m */,
				A681D8ED20F3397E00CA40C0 /* UtilityMesh+viewAdditions.h */,
				A681D8F520F3397F00CA40C0 /* UtilityMesh+viewAdditions.m */,
				A681D8F120F3397F00CA40C0 /* UtilityModel.h */,
				A681D8F620F3397F00CA40C0 /* UtilityModel.m */,
				A681D8EE20F3397E00CA40C0 /* UtilityModel+viewAdditions.h */,
				A681D8F320F3397F00CA40C0 /* UtilityModel+viewAdditions.m */,
				A681D8E920F3397E00CA40C0 /* UtilityModelManager.h */,
				A681D8EA20F3397E00CA40C0 /* UtilityModelManager.m */,
				A681D8EC20F3397E00CA40C0 /* UtilityTextureInfo.h */,
				A681D8F220F3397F00CA40C0 /* UtilityTextureInfo.m */,
				A681D8EF20F3397E00CA40C0 /* UtilityTextureInfo+viewAdditions.h */,
				A681D8F020F3397E00CA40C0 /* UtilityTextureInfo+viewAdditions.m */,
			);
			path = Utility;
			sourceTree = "<group>";
		};
		A69AB42B20EF3CE300E13F8C /* AnimateTexture */ = {
			isa = PBXGroup;
			children = (
				A69AB42F20EF430900E13F8C /* RadiusSelectionTool.png */,
				A69AB42C20EF3CED00E13F8C /* AnimateTextureViewController.h */,
				A69AB42D20EF3CED00E13F8C /* AnimateTextureViewController.m */,
			);
			path = AnimateTexture;
			sourceTree = "<group>";
		};
		A6B425C12085DE1000CC0035 = {
			isa = PBXGroup;
			children = (
				A6B425CC2085DE1000CC0035 /* OpegGLDemo */,
				A6B425E52085DE1100CC0035 /* OpegGLDemoTests */,
				A6B425F02085DE1100CC0035 /* OpegGLDemoUITests */,
				A6B425CB2085DE1000CC0035 /* Products */,
				A6B426042087302300CC0035 /* Frameworks */,
			);
			sourceTree = "<group>";
		};
		A6B425CB2085DE1000CC0035 /* Products */ = {
			isa = PBXGroup;
			children = (
				A6B425CA2085DE1000CC0035 /* OpegGLDemo.app */,
				A6B425E22085DE1100CC0035 /* OpegGLDemoTests.xctest */,
				A6B425ED2085DE1100CC0035 /* OpegGLDemoUITests.xctest */,
			);
			name = Products;
			sourceTree = "<group>";
		};
		A6B425CC2085DE1000CC0035 /* OpegGLDemo */ = {
			isa = PBXGroup;
			children = (
				A605CE5E20AEA517001A0DF0 /* Resource */,
				A6B425FF208717E100CC0035 /* Class */,
				A6B425CD2085DE1000CC0035 /* AppDelegate.h */,
				A6B425CE2085DE1000CC0035 /* AppDelegate.m */,
				A6B425D02085DE1000CC0035 /* ViewController.h */,
				A6B425D12085DE1000CC0035 /* ViewController.m */,
				A6B425D32085DE1000CC0035 /* Main.storyboard */,
				A6B425D62085DE1100CC0035 /* Assets.xcassets */,
				A6B425D82085DE1100CC0035 /* LaunchScreen.storyboard */,
				A6B425DB2085DE1100CC0035 /* Info.plist */,
				A6B425DC2085DE1100CC0035 /* main.m */,
			);
			path = OpegGLDemo;
			sourceTree = "<group>";
		};
		A6B425E52085DE1100CC0035 /* OpegGLDemoTests */ = {
			isa = PBXGroup;
			children = (
				A6B425E62085DE1100CC0035 /* OpegGLDemoTests.m */,
				A6B425E82085DE1100CC0035 /* Info.plist */,
			);
			path = OpegGLDemoTests;
			sourceTree = "<group>";
		};
		A6B425F02085DE1100CC0035 /* OpegGLDemoUITests */ = {
			isa = PBXGroup;
			children = (
				A6B425F12085DE1100CC0035 /* OpegGLDemoUITests.m */,
				A6B425F32085DE1100CC0035 /* Info.plist */,
			);
			path = OpegGLDemoUITests;
			sourceTree = "<group>";
		};
		A6B425FF208717E100CC0035 /* Class */ = {
			isa = PBXGroup;
			children = (
				A6C6C1EE20F45E2E001468AB /* SkinModel */,
				A617312220F3623F00C42C7E /* SkeletalAnimation */,
				A681D8E820F3396C00CA40C0 /* Utility */,
				A681D8E420F337F000CA40C0 /* LodeModelFromModelPlist */,
				A644903420EF5A2000844A72 /* AnimateTextureAtlas */,
				A69AB42B20EF3CE300E13F8C /* AnimateTexture */,
				A650A6C820EE00F700A89880 /* AnimateLight */,
				A622067E20EDB12300201D76 /* AnimatedVertexFlag */,
				A613A32220EB45FC006CCD0C /* SimpleMotionAnimation */,
				A65B311A20E9F38D0090AD55 /* PerspectiveTransform */,
				A605CE5520AE8185001A0DF0 /* TextureTransform */,
				A61416D820AD24B800EADA0D /* BasicTransform */,
				A668224620AADE5500BE07CE /* EarthSphere */,
				A6FBE4CA20A52DDE00083C31 /* SimpleLight */,
				A6B4262F208F0B8F00CC0035 /* CustomTextures */,
				A6B4262B208EDBD300CC0035 /* MixedFragment */,
				A6B42625208DC35100CC0035 /* MultipleTextures */,
				A6B42618208892F300CC0035 /* SimpleTexture */,
				A6B426082088341400CC0035 /* AGLKView */,
				A6B42600208722F300CC0035 /* SimpleTriangle */,
			);
			path = Class;
			sourceTree = "<group>";
		};
		A6B42600208722F300CC0035 /* SimpleTriangle */ = {
			isa = PBXGroup;
			children = (
				A6B426012087230C00CC0035 /* SimpleTriangleViewController.h */,
				A6B426022087230C00CC0035 /* SimpleTriangleViewController.m */,
			);
			path = SimpleTriangle;
			sourceTree = "<group>";
		};
		A6B426042087302300CC0035 /* Frameworks */ = {
			isa = PBXGroup;
			children = (
				A6B426052087302300CC0035 /* OpenGLES.framework */,
			);
			name = Frameworks;
			sourceTree = "<group>";
		};
		A6B426082088341400CC0035 /* AGLKView */ = {
			isa = PBXGroup;
			children = (
				A681D90420F33A2100CA40C0 /* AGLKAxisAllignedBoundingBox.h */,
				A6B426092088342400CC0035 /* AGLKViewViewController.h */,
				A6B4260A2088342400CC0035 /* AGLKViewViewController.m */,
				A6B4260C2088343B00CC0035 /* AGLKView.h */,
				A6B4260D2088343B00CC0035 /* AGLKView.m */,
				A6B42612208870C500CC0035 /* AEAGLContext.h */,
				A6B42613208870C500CC0035 /* AEAGLContext.m */,
				A6B42615208875AD00CC0035 /* AGLKVertexAttribArrayBuffer.h */,
				A6B42616208875AD00CC0035 /* AGLKVertexAttribArrayBuffer.m */,
				A605CE5B20AE832A001A0DF0 /* AGLKTextureTransformBaseEffect.h */,
				A605CE5C20AE832A001A0DF0 /* AGLKTextureTransformBaseEffect.m */,
			);
			path = AGLKView;
			sourceTree = "<group>";
		};
		A6B42618208892F300CC0035 /* SimpleTexture */ = {
			isa = PBXGroup;
			children = (
				A6B426192088930C00CC0035 /* SimpleTextureViewController.h */,
				A6B4261A2088930C00CC0035 /* SimpleTextureViewController.m */,
				A6B4261C2089C96E00CC0035 /* AGLKTextureInfo.h */,
				A6B4261D2089C96E00CC0035 /* AGLKTextureInfo.m */,
				A6B4261F2089CA9D00CC0035 /* AGLKTextureLoader.h */,
				A6B426202089CA9D00CC0035 /* AGLKTextureLoader.m */,
				A6B42622208DB0CC00CC0035 /* GLKEffectPropertyTexture+AGLKAdditions.h */,
				A6B42623208DB0CC00CC0035 /* GLKEffectPropertyTexture+AGLKAdditions.m */,
			);
			path = SimpleTexture;
			sourceTree = "<group>";
		};
		A6B42625208DC35100CC0035 /* MultipleTextures */ = {
			isa = PBXGroup;
			children = (
				A6B42626208DC36B00CC0035 /* MultipleTexturesViewController.h */,
				A6B42627208DC36B00CC0035 /* MultipleTexturesViewController.m */,
			);
			path = MultipleTextures;
			sourceTree = "<group>";
		};
		A6B4262B208EDBD300CC0035 /* MixedFragment */ = {
			isa = PBXGroup;
			children = (
				A6B4262C208EDBE300CC0035 /* MixedFragmentViewController.h */,
				A6B4262D208EDBE300CC0035 /* MixedFragmentViewController.m */,
			);
			path = MixedFragment;
			sourceTree = "<group>";
		};
		A6B4262F208F0B8F00CC0035 /* CustomTextures */ = {
			isa = PBXGroup;
			children = (
				A6B42630208F0BA000CC0035 /* CustomTexturesViewController.h */,
				A6B42631208F0BA000CC0035 /* CustomTexturesViewController.m */,
				A6B42633208F1D9B00CC0035 /* Shader.fsh */,
				A6B42634208F1D9B00CC0035 /* Shader.vsh */,
			);
			path = CustomTextures;
			sourceTree = "<group>";
		};
		A6C6C1EE20F45E2E001468AB /* SkinModel */ = {
			isa = PBXGroup;
			children = (
				A6C6C1F220F462D5001468AB /* armatureSkin.modelplist */,
				A6C6C1EF20F45E58001468AB /* SkinModelViewController.h */,
				A6C6C1F020F45E58001468AB /* SkinModelViewController.m */,
			);
			path = SkinModel;
			sourceTree = "<group>";
		};
		A6FBE4CA20A52DDE00083C31 /* SimpleLight */ = {
			isa = PBXGroup;
			children = (
				A6FBE4CB20A52DFD00083C31 /* SimpleLightViewController.h */,
				A6FBE4CC20A52DFD00083C31 /* SimpleLightViewController.m */,
				A6FBE4CD20A52DFD00083C31 /* SimpleLightViewController.xib */,
			);
			path = SimpleLight;
			sourceTree = "<group>";
		};
/* End PBXGroup section */

/* Begin PBXNativeTarget section */
		A6B425C92085DE1000CC0035 /* OpegGLDemo */ = {
			isa = PBXNativeTarget;
			buildConfigurationList = A6B425F62085DE1100CC0035 /* Build configuration list for PBXNativeTarget "OpegGLDemo" */;
			buildPhases = (
				A6B425C62085DE1000CC0035 /* Sources */,
				A6B425C72085DE1000CC0035 /* Frameworks */,
				A6B425C82085DE1000CC0035 /* Resources */,
			);
			buildRules = (
			);
			dependencies = (
			);
			name = OpegGLDemo;
			productName = OpegGLDemo;
			productReference = A6B425CA2085DE1000CC0035 /* OpegGLDemo.app */;
			productType = "com.apple.product-type.application";
		};
		A6B425E12085DE1100CC0035 /* OpegGLDemoTests */ = {
			isa = PBXNativeTarget;
			buildConfigurationList = A6B425F92085DE1100CC0035 /* Build configuration list for PBXNativeTarget "OpegGLDemoTests" */;
			buildPhases = (
				A6B425DE2085DE1100CC0035 /* Sources */,
				A6B425DF2085DE1100CC0035 /* Frameworks */,
				A6B425E02085DE1100CC0035 /* Resources */,
			);
			buildRules = (
			);
			dependencies = (
				A6B425E42085DE1100CC0035 /* PBXTargetDependency */,
			);
			name = OpegGLDemoTests;
			productName = OpegGLDemoTests;
			productReference = A6B425E22085DE1100CC0035 /* OpegGLDemoTests.xctest */;
			productType = "com.apple.product-type.bundle.unit-test";
		};
		A6B425EC2085DE1100CC0035 /* OpegGLDemoUITests */ = {
			isa = PBXNativeTarget;
			buildConfigurationList = A6B425FC2085DE1100CC0035 /* Build configuration list for PBXNativeTarget "OpegGLDemoUITests" */;
			buildPhases = (
				A6B425E92085DE1100CC0035 /* Sources */,
				A6B425EA2085DE1100CC0035 /* Frameworks */,
				A6B425EB2085DE1100CC0035 /* Resources */,
			);
			buildRules = (
			);
			dependencies = (
				A6B425EF2085DE1100CC0035 /* PBXTargetDependency */,
			);
			name = OpegGLDemoUITests;
			productName = OpegGLDemoUITests;
			productReference = A6B425ED2085DE1100CC0035 /* OpegGLDemoUITests.xctest */;
			productType = "com.apple.product-type.bundle.ui-testing";
		};
/* End PBXNativeTarget section */

/* Begin PBXProject section */
		A6B425C22085DE1000CC0035 /* Project object */ = {
			isa = PBXProject;
			attributes = {
				LastUpgradeCheck = 0930;
				ORGANIZATIONNAME = RPGLiker;
				TargetAttributes = {
					A6B425C92085DE1000CC0035 = {
						CreatedOnToolsVersion = 9.3;
					};
					A6B425E12085DE1100CC0035 = {
						CreatedOnToolsVersion = 9.3;
						TestTargetID = A6B425C92085DE1000CC0035;
					};
					A6B425EC2085DE1100CC0035 = {
						CreatedOnToolsVersion = 9.3;
						TestTargetID = A6B425C92085DE1000CC0035;
					};
				};
			};
			buildConfigurationList = A6B425C52085DE1000CC0035 /* Build configuration list for PBXProject "OpegGLDemo" */;
			compatibilityVersion = "Xcode 9.3";
			developmentRegion = en;
			hasScannedForEncodings = 0;
			knownRegions = (
				en,
				Base,
			);
			mainGroup = A6B425C12085DE1000CC0035;
			productRefGroup = A6B425CB2085DE1000CC0035 /* Products */;
			projectDirPath = "";
			projectRoot = "";
			targets = (
				A6B425C92085DE1000CC0035 /* OpegGLDemo */,
				A6B425E12085DE1100CC0035 /* OpegGLDemoTests */,
				A6B425EC2085DE1100CC0035 /* OpegGLDemoUITests */,
			);
		};
/* End PBXProject section */

/* Begin PBXResourcesBuildPhase section */
		A6B425C82085DE1000CC0035 /* Resources */ = {
			isa = PBXResourcesBuildPhase;
			buildActionMask = 2147483647;
			files = (
				A617312A20F3630700C42C7E /* SkeletalAnimationViewController.xib in Resources */,
				A61416DD20AD24D300EADA0D /* BasicTransformViewController.xib in Resources */,
				A605CE6720AEA540001A0DF0 /* AGLKTextureMatrix2PointLightShader.vsh in Resources */,
				A62C310020ABD2C50050C7A6 /* Earth512x256.jpg in Resources */,
				A668224B20AADE6A00BE07CE /* EarthSphereViewController.xib in Resources */,
				A6B42635208F1D9B00CC0035 /* Shader.fsh in Resources */,
				A69AB43020EF430900E13F8C /* RadiusSelectionTool.png in Resources */,
				A605CE6620AEA540001A0DF0 /* AGLKPointParticleShader.fsh in Resources */,
				A6C6C1F320F462D5001468AB /* armatureSkin.modelplist in Resources */,
				A613A32720EB461E006CCD0C /* SimpleMotionAnimationGLKViewController.xib in Resources */,
				A622068320EDB13000201D76 /* AnimatedVertexFlagViewController.xib in Resources */,
				A605CE6820AEA540001A0DF0 /* AGLKSkyboxShader.fsh in Resources */,
				A6B2ED1120EB085800A21D14 /* Moon256x128.png in Resources */,
				A65B311F20E9F3AB0090AD55 /* PerspectiveTransformViewController.xib in Resources */,
				A6FBE4CF20A52DFD00083C31 /* SimpleLightViewController.xib in Resources */,
				A644903920EF688700844A72 /* RabbitTextureAtlas.png in Resources */,
				A6B425DA2085DE1100CC0035 /* LaunchScreen.storyboard in Resources */,
				A641E84320F447BF00668862 /* UtilityArmaturePointLightShader.vsh in Resources */,
				A641E84120F446FC00668862 /* armature.modelplist in Resources */,
				A605CE6B20AEA540001A0DF0 /* AGLKSkyboxShader.vsh in Resources */,
				A681D90A20F34F2B00CA40C0 /* bumper.modelplist in Resources */,
				A641E84520F4483200668862 /* UtilityArmaturePointLightShader.fsh in Resources */,
				A6B425D72085DE1100CC0035 /* Assets.xcassets in Resources */,
				A605CE6920AEA540001A0DF0 /* AGLKPointParticleShader.vsh in Resources */,
				A605CE6A20AEA540001A0DF0 /* AGLKTextureMatrix2PointLightShader.fsh in Resources */,
				A6B425D52085DE1000CC0035 /* Main.storyboard in Resources */,
				A6B42636208F1D9B00CC0035 /* Shader.vsh in Resources */,
				A605CE5A20AE81B0001A0DF0 /* TextureTransformViewController.xib in Resources */,
			);
			runOnlyForDeploymentPostprocessing = 0;
		};
		A6B425E02085DE1100CC0035 /* Resources */ = {
			isa = PBXResourcesBuildPhase;
			buildActionMask = 2147483647;
			files = (
			);
			runOnlyForDeploymentPostprocessing = 0;
		};
		A6B425EB2085DE1100CC0035 /* Resources */ = {
			isa = PBXResourcesBuildPhase;
			buildActionMask = 2147483647;
			files = (
			);
			runOnlyForDeploymentPostprocessing = 0;
		};
/* End PBXResourcesBuildPhase section */

/* Begin PBXSourcesBuildPhase section */
		A6B425C62085DE1000CC0035 /* Sources */ = {
			isa = PBXSourcesBuildPhase;
			buildActionMask = 2147483647;
			files = (
				A6B4262E208EDBE300CC0035 /* MixedFragmentViewController.m in Sources */,
				A6B42632208F0BA000CC0035 /* CustomTexturesViewController.m in Sources */,
				A6B426032087230C00CC0035 /* SimpleTriangleViewController.m in Sources */,
				A622068220EDB13000201D76 /* AnimatedVertexFlagViewController.m in Sources */,
				A6B42624208DB0CC00CC0035 /* GLKEffectPropertyTexture+AGLKAdditions.m in Sources */,
				A6B425D22085DE1000CC0035 /* ViewController.m in Sources */,
				A6B4261E2089C96E00CC0035 /* AGLKTextureInfo.m in Sources */,
				A681D8FD20F3397F00CA40C0 /* UtilityModel.m in Sources */,
				A681D90720F3483200CA40C0 /* UtilitySceneCar.m in Sources */,
				A605CE5D20AE832A001A0DF0 /* AGLKTextureTransformBaseEffect.m in Sources */,
				A69AB42E20EF3CED00E13F8C /* AnimateTextureViewController.m in Sources */,
				A61416DC20AD24D300EADA0D /* BasicTransformViewController.m in Sources */,
				A613A32620EB461E006CCD0C /* SimpleMotionAnimationGLKViewController.m in Sources */,
				A668224A20AADE6A00BE07CE /* EarthSphereViewController.m in Sources */,
				A641E83920F443A600668862 /* UtilityMesh+skinning.m in Sources */,
				A641E83F20F443CC00668862 /* UtilityArmatureBaseEffect.m in Sources */,
				A681D90320F33A0800CA40C0 /* UtilityEffect.m in Sources */,
				A681D8FC20F3397F00CA40C0 /* UtilityMesh+viewAdditions.m in Sources */,
				A644903720EF5A3300844A72 /* AnimateTextureAtlasViewController.m in Sources */,
				A681D8E720F337FA00CA40C0 /* LodeModelFromModelPlistViewController.m in Sources */,
				A617312920F3630700C42C7E /* SkeletalAnimationViewController.m in Sources */,
				A6B42614208870C500CC0035 /* AEAGLContext.m in Sources */,
				A6FBE4CE20A52DFD00083C31 /* SimpleLightViewController.m in Sources */,
				A613A33620EB5982006CCD0C /* SceneRinkModel.m in Sources */,
				A681D8F820F3397F00CA40C0 /* UtilityMesh.m in Sources */,
				A622068920EDB78500201D76 /* SceneAnimatedMesh.m in Sources */,
				A650A6CB20EE01C300A89880 /* AnimateLightViewController.m in Sources */,
				A6B425DD2085DE1100CC0035 /* main.m in Sources */,
				A65B311E20E9F3AB0090AD55 /* PerspectiveTransformViewController.m in Sources */,
				A605CE5920AE81B0001A0DF0 /* TextureTransformViewController.m in Sources */,
				A613A33320EB596D006CCD0C /* SceneCarModel.m in Sources */,
				A650A6CE20EE038700A89880 /* SceneCanLightModel.m in Sources */,
				A6B42617208875AD00CC0035 /* AGLKVertexAttribArrayBuffer.m in Sources */,
				A681D8FA20F3397F00CA40C0 /* UtilityTextureInfo.m in Sources */,
				A681D90020F339D400CA40C0 /* UtilityModelEffect.m in Sources */,
				A6B4260E2088343B00CC0035 /* AGLKView.m in Sources */,
				A6B4260B2088342400CC0035 /* AGLKViewViewController.m in Sources */,
				A6B42629208DC36B00CC0035 /* MultipleTexturesViewController.m in Sources */,
				A6C6C1F120F45E58001468AB /* SkinModelViewController.m in Sources */,
				A613A33020EB4BA4006CCD0C /* SceneMesh.m in Sources */,
				A641E83620F4438400668862 /* UtilityModelManager+skinning.m in Sources */,
				A641E83320F4436C00668862 /* UtilityModel+skinning.m in Sources */,
				A6B425CF2085DE1000CC0035 /* AppDelegate.m in Sources */,
				A6B4261B2088930C00CC0035 /* SimpleTextureViewController.m in Sources */,
				A681D8F920F3397F00CA40C0 /* UtilityTextureInfo+viewAdditions.m in Sources */,
				A681D8FB20F3397F00CA40C0 /* UtilityModel+viewAdditions.m in Sources */,
				A6B426212089CA9D00CC0035 /* AGLKTextureLoader.m in Sources */,
				A681D8F720F3397F00CA40C0 /* UtilityModelManager.m in Sources */,
				A641E83C20F443B400668862 /* UtilityJoint.m in Sources */,
				A613A32D20EB4B93006CCD0C /* SceneModel.m in Sources */,
				A613A32A20EB4B44006CCD0C /* SceneCar.m in Sources */,
			);
			runOnlyForDeploymentPostprocessing = 0;
		};
		A6B425DE2085DE1100CC0035 /* Sources */ = {
			isa = PBXSourcesBuildPhase;
			buildActionMask = 2147483647;
			files = (
				A6B425E72085DE1100CC0035 /* OpegGLDemoTests.m in Sources */,
			);
			runOnlyForDeploymentPostprocessing = 0;
		};
		A6B425E92085DE1100CC0035 /* Sources */ = {
			isa = PBXSourcesBuildPhase;
			buildActionMask = 2147483647;
			files = (
				A6B425F22085DE1100CC0035 /* OpegGLDemoUITests.m in Sources */,
			);
			runOnlyForDeploymentPostprocessing = 0;
		};
/* End PBXSourcesBuildPhase section */

/* Begin PBXTargetDependency section */
		A6B425E42085DE1100CC0035 /* PBXTargetDependency */ = {
			isa = PBXTargetDependency;
			target = A6B425C92085DE1000CC0035 /* OpegGLDemo */;
			targetProxy = A6B425E32085DE1100CC0035 /* PBXContainerItemProxy */;
		};
		A6B425EF2085DE1100CC0035 /* PBXTargetDependency */ = {
			isa = PBXTargetDependency;
			target = A6B425C92085DE1000CC0035 /* OpegGLDemo */;
			targetProxy = A6B425EE2085DE1100CC0035 /* PBXContainerItemProxy */;
		};
/* End PBXTargetDependency section */

/* Begin PBXVariantGroup section */
		A6B425D32085DE1000CC0035 /* Main.storyboard */ = {
			isa = PBXVariantGroup;
			children = (
				A6B425D42085DE1000CC0035 /* Base */,
			);
			name = Main.storyboard;
			sourceTree = "<group>";
		};
		A6B425D82085DE1100CC0035 /* LaunchScreen.storyboard */ = {
			isa = PBXVariantGroup;
			children = (
				A6B425D92085DE1100CC0035 /* Base */,
			);
			name = LaunchScreen.storyboard;
			sourceTree = "<group>";
		};
/* End PBXVariantGroup section */

/* Begin XCBuildConfiguration section */
		A6B425F42085DE1100CC0035 /* Debug */ = {
			isa = XCBuildConfiguration;
			buildSettings = {
				ALWAYS_SEARCH_USER_PATHS = NO;
				CLANG_ANALYZER_NONNULL = YES;
				CLANG_ANALYZER_NUMBER_OBJECT_CONVERSION = YES_AGGRESSIVE;
				CLANG_CXX_LANGUAGE_STANDARD = "gnu++14";
				CLANG_CXX_LIBRARY = "libc++";
				CLANG_ENABLE_MODULES = YES;
				CLANG_ENABLE_OBJC_ARC = YES;
				CLANG_ENABLE_OBJC_WEAK = YES;
				CLANG_WARN_BLOCK_CAPTURE_AUTORELEASING = YES;
				CLANG_WARN_BOOL_CONVERSION = YES;
				CLANG_WARN_COMMA = YES;
				CLANG_WARN_CONSTANT_CONVERSION = YES;
				CLANG_WARN_DEPRECATED_OBJC_IMPLEMENTATIONS = YES;
				CLANG_WARN_DIRECT_OBJC_ISA_USAGE = YES_ERROR;
				CLANG_WARN_DOCUMENTATION_COMMENTS = YES;
				CLANG_WARN_EMPTY_BODY = YES;
				CLANG_WARN_ENUM_CONVERSION = YES;
				CLANG_WARN_INFINITE_RECURSION = YES;
				CLANG_WARN_INT_CONVERSION = YES;
				CLANG_WARN_NON_LITERAL_NULL_CONVERSION = YES;
				CLANG_WARN_OBJC_IMPLICIT_RETAIN_SELF = YES;
				CLANG_WARN_OBJC_LITERAL_CONVERSION = YES;
				CLANG_WARN_OBJC_ROOT_CLASS = YES_ERROR;
				CLANG_WARN_RANGE_LOOP_ANALYSIS = YES;
				CLANG_WARN_STRICT_PROTOTYPES = YES;
				CLANG_WARN_SUSPICIOUS_MOVE = YES;
				CLANG_WARN_UNGUARDED_AVAILABILITY = YES_AGGRESSIVE;
				CLANG_WARN_UNREACHABLE_CODE = YES;
				CLANG_WARN__DUPLICATE_METHOD_MATCH = YES;
				CODE_SIGN_IDENTITY = "iPhone Developer";
				COPY_PHASE_STRIP = NO;
				DEBUG_INFORMATION_FORMAT = dwarf;
				ENABLE_STRICT_OBJC_MSGSEND = YES;
				ENABLE_TESTABILITY = YES;
				GCC_C_LANGUAGE_STANDARD = gnu11;
				GCC_DYNAMIC_NO_PIC = NO;
				GCC_NO_COMMON_BLOCKS = YES;
				GCC_OPTIMIZATION_LEVEL = 0;
				GCC_PREPROCESSOR_DEFINITIONS = (
					"DEBUG=1",
					"$(inherited)",
				);
				GCC_WARN_64_TO_32_BIT_CONVERSION = YES;
				GCC_WARN_ABOUT_RETURN_TYPE = YES_ERROR;
				GCC_WARN_UNDECLARED_SELECTOR = YES;
				GCC_WARN_UNINITIALIZED_AUTOS = YES_AGGRESSIVE;
				GCC_WARN_UNUSED_FUNCTION = YES;
				GCC_WARN_UNUSED_VARIABLE = YES;
				IPHONEOS_DEPLOYMENT_TARGET = 11.3;
				MTL_ENABLE_DEBUG_INFO = YES;
				ONLY_ACTIVE_ARCH = YES;
				SDKROOT = iphoneos;
			};
			name = Debug;
		};
		A6B425F52085DE1100CC0035 /* Release */ = {
			isa = XCBuildConfiguration;
			buildSettings = {
				ALWAYS_SEARCH_USER_PATHS = NO;
				CLANG_ANALYZER_NONNULL = YES;
				CLANG_ANALYZER_NUMBER_OBJECT_CONVERSION = YES_AGGRESSIVE;
				CLANG_CXX_LANGUAGE_STANDARD = "gnu++14";
				CLANG_CXX_LIBRARY = "libc++";
				CLANG_ENABLE_MODULES = YES;
				CLANG_ENABLE_OBJC_ARC = YES;
				CLANG_ENABLE_OBJC_WEAK = YES;
				CLANG_WARN_BLOCK_CAPTURE_AUTORELEASING = YES;
				CLANG_WARN_BOOL_CONVERSION = YES;
				CLANG_WARN_COMMA = YES;
				CLANG_WARN_CONSTANT_CONVERSION = YES;
				CLANG_WARN_DEPRECATED_OBJC_IMPLEMENTATIONS = YES;
				CLANG_WARN_DIRECT_OBJC_ISA_USAGE = YES_ERROR;
				CLANG_WARN_DOCUMENTATION_COMMENTS = YES;
				CLANG_WARN_EMPTY_BODY = YES;
				CLANG_WARN_ENUM_CONVERSION = YES;
				CLANG_WARN_INFINITE_RECURSION = YES;
				CLANG_WARN_INT_CONVERSION = YES;
				CLANG_WARN_NON_LITERAL_NULL_CONVERSION = YES;
				CLANG_WARN_OBJC_IMPLICIT_RETAIN_SELF = YES;
				CLANG_WARN_OBJC_LITERAL_CONVERSION = YES;
				CLANG_WARN_OBJC_ROOT_CLASS = YES_ERROR;
				CLANG_WARN_RANGE_LOOP_ANALYSIS = YES;
				CLANG_WARN_STRICT_PROTOTYPES = YES;
				CLANG_WARN_SUSPICIOUS_MOVE = YES;
				CLANG_WARN_UNGUARDED_AVAILABILITY = YES_AGGRESSIVE;
				CLANG_WARN_UNREACHABLE_CODE = YES;
				CLANG_WARN__DUPLICATE_METHOD_MATCH = YES;
				CODE_SIGN_IDENTITY = "iPhone Developer";
				COPY_PHASE_STRIP = NO;
				DEBUG_INFORMATION_FORMAT = "dwarf-with-dsym";
				ENABLE_NS_ASSERTIONS = NO;
				ENABLE_STRICT_OBJC_MSGSEND = YES;
				GCC_C_LANGUAGE_STANDARD = gnu11;
				GCC_NO_COMMON_BLOCKS = YES;
				GCC_WARN_64_TO_32_BIT_CONVERSION = YES;
				GCC_WARN_ABOUT_RETURN_TYPE = YES_ERROR;
				GCC_WARN_UNDECLARED_SELECTOR = YES;
				GCC_WARN_UNINITIALIZED_AUTOS = YES_AGGRESSIVE;
				GCC_WARN_UNUSED_FUNCTION = YES;
				GCC_WARN_UNUSED_VARIABLE = YES;
				IPHONEOS_DEPLOYMENT_TARGET = 11.3;
				MTL_ENABLE_DEBUG_INFO = NO;
				SDKROOT = iphoneos;
				VALIDATE_PRODUCT = YES;
			};
			name = Release;
		};
		A6B425F72085DE1100CC0035 /* Debug */ = {
			isa = XCBuildConfiguration;
			buildSettings = {
				ASSETCATALOG_COMPILER_APPICON_NAME = AppIcon;
				CODE_SIGN_STYLE = Automatic;
				DEVELOPMENT_TEAM = V3P7E8N222;
				INFOPLIST_FILE = OpegGLDemo/Info.plist;
				IPHONEOS_DEPLOYMENT_TARGET = 11.0;
				LD_RUNPATH_SEARCH_PATHS = (
					"$(inherited)",
					"@executable_path/Frameworks",
				);
				PRODUCT_BUNDLE_IDENTIFIER = RPGLiker.OpegGLDemo;
				PRODUCT_NAME = "$(TARGET_NAME)";
				TARGETED_DEVICE_FAMILY = "1,2";
			};
			name = Debug;
		};
		A6B425F82085DE1100CC0035 /* Release */ = {
			isa = XCBuildConfiguration;
			buildSettings = {
				ASSETCATALOG_COMPILER_APPICON_NAME = AppIcon;
				CODE_SIGN_STYLE = Automatic;
				DEVELOPMENT_TEAM = V3P7E8N222;
				INFOPLIST_FILE = OpegGLDemo/Info.plist;
				IPHONEOS_DEPLOYMENT_TARGET = 11.0;
				LD_RUNPATH_SEARCH_PATHS = (
					"$(inherited)",
					"@executable_path/Frameworks",
				);
				PRODUCT_BUNDLE_IDENTIFIER = RPGLiker.OpegGLDemo;
				PRODUCT_NAME = "$(TARGET_NAME)";
				TARGETED_DEVICE_FAMILY = "1,2";
			};
			name = Release;
		};
		A6B425FA2085DE1100CC0035 /* Debug */ = {
			isa = XCBuildConfiguration;
			buildSettings = {
				BUNDLE_LOADER = "$(TEST_HOST)";
				CODE_SIGN_STYLE = Automatic;
				DEVELOPMENT_TEAM = V3P7E8N222;
				INFOPLIST_FILE = OpegGLDemoTests/Info.plist;
				LD_RUNPATH_SEARCH_PATHS = (
					"$(inherited)",
					"@executable_path/Frameworks",
					"@loader_path/Frameworks",
				);
				PRODUCT_BUNDLE_IDENTIFIER = RPGLiker.OpegGLDemoTests;
				PRODUCT_NAME = "$(TARGET_NAME)";
				TARGETED_DEVICE_FAMILY = "1,2";
				TEST_HOST = "$(BUILT_PRODUCTS_DIR)/OpegGLDemo.app/OpegGLDemo";
			};
			name = Debug;
		};
		A6B425FB2085DE1100CC0035 /* Release */ = {
			isa = XCBuildConfiguration;
			buildSettings = {
				BUNDLE_LOADER = "$(TEST_HOST)";
				CODE_SIGN_STYLE = Automatic;
				DEVELOPMENT_TEAM = V3P7E8N222;
				INFOPLIST_FILE = OpegGLDemoTests/Info.plist;
				LD_RUNPATH_SEARCH_PATHS = (
					"$(inherited)",
					"@executable_path/Frameworks",
					"@loader_path/Frameworks",
				);
				PRODUCT_BUNDLE_IDENTIFIER = RPGLiker.OpegGLDemoTests;
				PRODUCT_NAME = "$(TARGET_NAME)";
				TARGETED_DEVICE_FAMILY = "1,2";
				TEST_HOST = "$(BUILT_PRODUCTS_DIR)/OpegGLDemo.app/OpegGLDemo";
			};
			name = Release;
		};
		A6B425FD2085DE1100CC0035 /* Debug */ = {
			isa = XCBuildConfiguration;
			buildSettings = {
				CODE_SIGN_STYLE = Automatic;
				DEVELOPMENT_TEAM = V3P7E8N222;
				INFOPLIST_FILE = OpegGLDemoUITests/Info.plist;
				LD_RUNPATH_SEARCH_PATHS = (
					"$(inherited)",
					"@executable_path/Frameworks",
					"@loader_path/Frameworks",
				);
				PRODUCT_BUNDLE_IDENTIFIER = RPGLiker.OpegGLDemoUITests;
				PRODUCT_NAME = "$(TARGET_NAME)";
				TARGETED_DEVICE_FAMILY = "1,2";
				TEST_TARGET_NAME = OpegGLDemo;
			};
			name = Debug;
		};
		A6B425FE2085DE1100CC0035 /* Release */ = {
			isa = XCBuildConfiguration;
			buildSettings = {
				CODE_SIGN_STYLE = Automatic;
				DEVELOPMENT_TEAM = V3P7E8N222;
				INFOPLIST_FILE = OpegGLDemoUITests/Info.plist;
				LD_RUNPATH_SEARCH_PATHS = (
					"$(inherited)",
					"@executable_path/Frameworks",
					"@loader_path/Frameworks",
				);
				PRODUCT_BUNDLE_IDENTIFIER = RPGLiker.OpegGLDemoUITests;
				PRODUCT_NAME = "$(TARGET_NAME)";
				TARGETED_DEVICE_FAMILY = "1,2";
				TEST_TARGET_NAME = OpegGLDemo;
			};
			name = Release;
		};
/* End XCBuildConfiguration section */

/* Begin XCConfigurationList section */
		A6B425C52085DE1000CC0035 /* Build configuration list for PBXProject "OpegGLDemo" */ = {
			isa = XCConfigurationList;
			buildConfigurations = (
				A6B425F42085DE1100CC0035 /* Debug */,
				A6B425F52085DE1100CC0035 /* Release */,
			);
			defaultConfigurationIsVisible = 0;
			defaultConfigurationName = Release;
		};
		A6B425F62085DE1100CC0035 /* Build configuration list for PBXNativeTarget "OpegGLDemo" */ = {
			isa = XCConfigurationList;
			buildConfigurations = (
				A6B425F72085DE1100CC0035 /* Debug */,
				A6B425F82085DE1100CC0035 /* Release */,
			);
			defaultConfigurationIsVisible = 0;
			defaultConfigurationName = Release;
		};
		A6B425F92085DE1100CC0035 /* Build configuration list for PBXNativeTarget "OpegGLDemoTests" */ = {
			isa = XCConfigurationList;
			buildConfigurations = (
				A6B425FA2085DE1100CC0035 /* Debug */,
				A6B425FB2085DE1100CC0035 /* Release */,
			);
			defaultConfigurationIsVisible = 0;
			defaultConfigurationName = Release;
		};
		A6B425FC2085DE1100CC0035 /* Build configuration list for PBXNativeTarget "OpegGLDemoUITests" */ = {
			isa = XCConfigurationList;
			buildConfigurations = (
				A6B425FD2085DE1100CC0035 /* Debug */,
				A6B425FE2085DE1100CC0035 /* Release */,
			);
			defaultConfigurationIsVisible = 0;
			defaultConfigurationName = Release;
		};
/* End XCConfigurationList section */
	};
	rootObject = A6B425C22085DE1000CC0035 /* Project object */;
}
